
Microsoft Visual Studio Solution File, Format Version 12.00
# Visual Studio Version 17
VisualStudioVersion = 17.8.34511.84
MinimumVisualStudioVersion = 10.0.40219.1
Project("{FAE04EC0-301F-11D3-BF4B-00C04F79EFBC}") = "appsingn", "appsingn.csproj", "{263D7496-5887-4D50-94C7-A8EBA260E36F}"
EndProject
Global
	GlobalSection(SolutionConfigurationPlatforms) = preSolution
		Debug|Any CPU = Debug|Any CPU
		Release|Any CPU = Release|Any CPU
	EndGlobalSection
	GlobalSection(ProjectConfigurationPlatforms) = postSolution
		{263D7496-5887-4D50-94C7-A8EBA260E36F}.Debug|Any CPU.ActiveCfg = Debug|Any CPU
		{263D7496-5887-4D50-94C7-A8EBA260E36F}.Debug|Any CPU.Build.0 = Debug|Any CPU
		{263D7496-5887-4D50-94C7-A8EBA260E36F}.Release|Any CPU.ActiveCfg = Release|Any CPU
		{263D7496-5887-4D50-94C7-A8EBA260E36F}.Release|Any CPU.Build.0 = Release|Any CPU
	EndGlobalSection
	GlobalSection(SolutionProperties) = preSolution
		HideSolutionNode = FALSE
	EndGlobalSection
	GlobalSection(ExtensibilityGlobals) = postSolution
		SolutionGuid = {BCBD926E-DEE6-4C8C-B8CF-75E51AB279F1}
	EndGlobalSection
EndGlobal
